
Microsoft Visual Studio Solution File, Format Version 12.00
# Visual Studio Version 16
VisualStudioVersion = 16.0.31112.23
MinimumVisualStudioVersion = 10.0.40219.1
Project("{FAE04EC0-301F-11D3-BF4B-00C04F79EFBC}") = "TESTEMENUPRINCIPAL", "TESTEMENUPRINCIPAL\TESTEMENUPRINCIPAL.csproj", "{B06381C1-B50C-4B48-B945-77AD428DECFF}"
EndProject
Global
	GlobalSection(SolutionConfigurationPlatforms) = preSolution
		Debug|Any CPU = Debug|Any CPU
		Release|Any CPU = Release|Any CPU
	EndGlobalSection
	GlobalSection(ProjectConfigurationPlatforms) = postSolution
		{B06381C1-B50C-4B48-B945-77AD428DECFF}.Debug|Any CPU.ActiveCfg = Debug|Any CPU
		{B06381C1-B50C-4B48-B945-77AD428DECFF}.Debug|Any CPU.Build.0 = Debug|Any CPU
		{B06381C1-B50C-4B48-B945-77AD428DECFF}.Release|Any CPU.ActiveCfg = Release|Any CPU
		{B06381C1-B50C-4B48-B945-77AD428DECFF}.Release|Any CPU.Build.0 = Release|Any CPU
	EndGlobalSection
	GlobalSection(SolutionProperties) = preSolution
		HideSolutionNode = FALSE
	EndGlobalSection
	GlobalSection(ExtensibilityGlobals) = postSolution
		SolutionGuid = {FBD9AFB9-AC3E-49AD-A93E-28E699EF9D8A}
	EndGlobalSection
EndGlobal
